
Microsoft Visual Studio Solution File, Format Version 12.00
# Visual Studio Version 17
VisualStudioVersion = 17.14.36429.23
MinimumVisualStudioVersion = 10.0.40219.1
Project("{2150E333-8FDC-42A3-9474-1A3956D46DE8}") = "Task0", "Task0", "{02EA681E-C7D8-13C7-8484-4AC65E1B71E8}"
EndProject
Project("{FAE04EC0-301F-11D3-BF4B-00C04F79EFBC}") = "Tyuiu.GalchinskayaVV.Sprint0.Task0.V0", "Tyuiu.GalchinskayaVV.Sprint0.Task0.V0\Tyuiu.GalchinskayaVV.Sprint0.Task0.V0.csproj", "{DC339260-42A5-4194-A12D-079CDFE37FB0}"
EndProject
Project("{2150E333-8FDC-42A3-9474-1A3956D46DE8}") = "Task1", "Task1", "{82344274-E607-4C65-A485-C7DC999FE6C2}"
EndProject
Project("{FAE04EC0-301F-11D3-BF4B-00C04F79EFBC}") = "Tyuiu.GalchinskayaVV.Sprint0.Task1.V0", "Tyuiu.GalchinskayaVV.Sprint0.Task1.V0\Tyuiu.GalchinskayaVV.Sprint0.Task1.V0.csproj", "{06675E90-EFF3-4D66-A867-950F9EA98B17}"
EndProject
Project("{2150E333-8FDC-42A3-9474-1A3956D46DE8}") = "Task2", "Task2", "{1577D3E7-AF2D-4B25-B898-1CB50E2C6C38}"
EndProject
Project("{FAE04EC0-301F-11D3-BF4B-00C04F79EFBC}") = "Tyuiu.GalchinskayaVV.Sprint0.Task2.V0", "Tyuiu.GalchinskayaVV.Sprint0.Task2.V0\Tyuiu.GalchinskayaVV.Sprint0.Task2.V0.csproj", "{EC09EB16-3F28-4331-A4BA-9FE0DAF68CEA}"
EndProject
Project("{FAE04EC0-301F-11D3-BF4B-00C04F79EFBC}") = "Tyuiu.GalchinskayaVV.Sprint0.Task2.V0.Lib", "Tyuiu.GalchinskayaVV.Sprint0.Task2.V0.Lib\Tyuiu.GalchinskayaVV.Sprint0.Task2.V0.Lib.csproj", "{1D5B957D-358A-4604-AC4A-2D76F5D7A86E}"
EndProject
Project("{FAE04EC0-301F-11D3-BF4B-00C04F79EFBC}") = "Tyuiu.GalchinskayaVV.Sprint0.Task2.V0.Test", "Tyuiu.GalchinskayaVV.Sprint0.Task2.V0.Test\Tyuiu.GalchinskayaVV.Sprint0.Task2.V0.Test.csproj", "{66355444-E3B8-4F13-8481-848A2EA7B1EA}"
EndProject
Project("{2150E333-8FDC-42A3-9474-1A3956D46DE8}") = "Task3", "Task3", "{C2EE252E-B056-4690-B606-ABC3075472BB}"
EndProject
Project("{FAE04EC0-301F-11D3-BF4B-00C04F79EFBC}") = "Tyuiu.GalchinskayaVV.Sprint0.Task3.V0.Test", "Tyuiu.GalchinskayaVV.Sprint0.Task3.V0.Test\Tyuiu.GalchinskayaVV.Sprint0.Task3.V0.Test.csproj", "{9E287198-41E5-43A2-ADA6-3A050B413DDF}"
EndProject
Project("{FAE04EC0-301F-11D3-BF4B-00C04F79EFBC}") = "Tyuiu.GalchinskayaVV.Sprint0.Task3.V0.Lib", "Tyuiu.GalchinskayaVV.Sprint0.Task3.V0.Lib\Tyuiu.GalchinskayaVV.Sprint0.Task3.V0.Lib.csproj", "{B8DBC807-73BA-47BD-94DB-035DCD490F2E}"
EndProject
Project("{FAE04EC0-301F-11D3-BF4B-00C04F79EFBC}") = "Tyuiu.GalchinskayaVV.Sprint0.Task3.V0", "Tyuiu.GalchinskayaVV.Sprint0.Task3.V0\Tyuiu.GalchinskayaVV.Sprint0.Task3.V0.csproj", "{2320435F-651E-4D12-9FB4-670E2A242690}"
EndProject
Global
	GlobalSection(SolutionConfigurationPlatforms) = preSolution
		Debug|Any CPU = Debug|Any CPU
		Release|Any CPU = Release|Any CPU
	EndGlobalSection
	GlobalSection(ProjectConfigurationPlatforms) = postSolution
		{DC339260-42A5-4194-A12D-079CDFE37FB0}.Debug|Any CPU.ActiveCfg = Debug|Any CPU
		{DC339260-42A5-4194-A12D-079CDFE37FB0}.Debug|Any CPU.Build.0 = Debug|Any CPU
		{DC339260-42A5-4194-A12D-079CDFE37FB0}.Release|Any CPU.ActiveCfg = Release|Any CPU
		{DC339260-42A5-4194-A12D-079CDFE37FB0}.Release|Any CPU.Build.0 = Release|Any CPU
		{06675E90-EFF3-4D66-A867-950F9EA98B17}.Debug|Any CPU.ActiveCfg = Debug|Any CPU
		{06675E90-EFF3-4D66-A867-950F9EA98B17}.Debug|Any CPU.Build.0 = Debug|Any CPU
		{06675E90-EFF3-4D66-A867-950F9EA98B17}.Release|Any CPU.ActiveCfg = Release|Any CPU
		{06675E90-EFF3-4D66-A867-950F9EA98B17}.Release|Any CPU.Build.0 = Release|Any CPU
		{EC09EB16-3F28-4331-A4BA-9FE0DAF68CEA}.Debug|Any CPU.ActiveCfg = Debug|Any CPU
		{EC09EB16-3F28-4331-A4BA-9FE0DAF68CEA}.Debug|Any CPU.Build.0 = Debug|Any CPU
		{EC09EB16-3F28-4331-A4BA-9FE0DAF68CEA}.Release|Any CPU.ActiveCfg = Release|Any CPU
		{EC09EB16-3F28-4331-A4BA-9FE0DAF68CEA}.Release|Any CPU.Build.0 = Release|Any CPU
		{1D5B957D-358A-4604-AC4A-2D76F5D7A86E}.Debug|Any CPU.ActiveCfg = Debug|Any CPU
		{1D5B957D-358A-4604-AC4A-2D76F5D7A86E}.Debug|Any CPU.Build.0 = Debug|Any CPU
		{1D5B957D-358A-4604-AC4A-2D76F5D7A86E}.Release|Any CPU.ActiveCfg = Release|Any CPU
		{1D5B957D-358A-4604-AC4A-2D76F5D7A86E}.Release|Any CPU.Build.0 = Release|Any CPU
		{66355444-E3B8-4F13-8481-848A2EA7B1EA}.Debug|Any CPU.ActiveCfg = Debug|Any CPU
		{66355444-E3B8-4F13-8481-848A2EA7B1EA}.Debug|Any CPU.Build.0 = Debug|Any CPU
		{66355444-E3B8-4F13-8481-848A2EA7B1EA}.Release|Any CPU.ActiveCfg = Release|Any CPU
		{66355444-E3B8-4F13-8481-848A2EA7B1EA}.Release|Any CPU.Build.0 = Release|Any CPU
		{9E287198-41E5-43A2-ADA6-3A050B413DDF}.Debug|Any CPU.ActiveCfg = Debug|Any CPU
		{9E287198-41E5-43A2-ADA6-3A050B413DDF}.Debug|Any CPU.Build.0 = Debug|Any CPU
		{9E287198-41E5-43A2-ADA6-3A050B413DDF}.Release|Any CPU.ActiveCfg = Release|Any CPU
		{9E287198-41E5-43A2-ADA6-3A050B413DDF}.Release|Any CPU.Build.0 = Release|Any CPU
		{B8DBC807-73BA-47BD-94DB-035DCD490F2E}.Debug|Any CPU.ActiveCfg = Debug|Any CPU
		{B8DBC807-73BA-47BD-94DB-035DCD490F2E}.Debug|Any CPU.Build.0 = Debug|Any CPU
		{B8DBC807-73BA-47BD-94DB-035DCD490F2E}.Release|Any CPU.ActiveCfg = Release|Any CPU
		{B8DBC807-73BA-47BD-94DB-035DCD490F2E}.Release|Any CPU.Build.0 = Release|Any CPU
		{2320435F-651E-4D12-9FB4-670E2A242690}.Debug|Any CPU.ActiveCfg = Debug|Any CPU
		{2320435F-651E-4D12-9FB4-670E2A242690}.Debug|Any CPU.Build.0 = Debug|Any CPU
		{2320435F-651E-4D12-9FB4-670E2A242690}.Release|Any CPU.ActiveCfg = Release|Any CPU
		{2320435F-651E-4D12-9FB4-670E2A242690}.Release|Any CPU.Build.0 = Release|Any CPU
	EndGlobalSection
	GlobalSection(SolutionProperties) = preSolution
		HideSolutionNode = FALSE
	EndGlobalSection
	GlobalSection(NestedProjects) = preSolution
		{DC339260-42A5-4194-A12D-079CDFE37FB0} = {02EA681E-C7D8-13C7-8484-4AC65E1B71E8}
		{06675E90-EFF3-4D66-A867-950F9EA98B17} = {82344274-E607-4C65-A485-C7DC999FE6C2}
		{EC09EB16-3F28-4331-A4BA-9FE0DAF68CEA} = {1577D3E7-AF2D-4B25-B898-1CB50E2C6C38}
		{1D5B957D-358A-4604-AC4A-2D76F5D7A86E} = {1577D3E7-AF2D-4B25-B898-1CB50E2C6C38}
		{66355444-E3B8-4F13-8481-848A2EA7B1EA} = {1577D3E7-AF2D-4B25-B898-1CB50E2C6C38}
		{9E287198-41E5-43A2-ADA6-3A050B413DDF} = {C2EE252E-B056-4690-B606-ABC3075472BB}
		{B8DBC807-73BA-47BD-94DB-035DCD490F2E} = {C2EE252E-B056-4690-B606-ABC3075472BB}
		{2320435F-651E-4D12-9FB4-670E2A242690} = {C2EE252E-B056-4690-B606-ABC3075472BB}
	EndGlobalSection
	GlobalSection(ExtensibilityGlobals) = postSolution
		SolutionGuid = {56C05CB3-74AF-442B-8A9E-9FD1B594189F}
	EndGlobalSection
EndGlobal
